<?xml version="1.0" encoding="utf-8"?>
<Project ToolsVersion="4.0" xmlns="http://schemas.microsoft.com/developer/msbuild/2003">
  <ItemGroup>
    <Filter Include="Source Files">
      <UniqueIdentifier>{4FC737F1-C7A5-4376-A066-2A32D752A2FF}</UniqueIdentifier>
      <Extensions>cpp;c;cc;cxx;def;odl;idl;hpj;bat;asm;asmx</Extensions>
    </Filter>
    <Filter Include="Source Files\lib">
      <UniqueIdentifier>{d54a4a20-f429-4962-ae0f-180a4acac9b2}</UniqueIdentifier>
    </Filter>
    <Filter Include="Source Files\lib\sdk">
      <UniqueIdentifier>{19c28694-61e4-4be2-afa6-c0b0685a477b}</UniqueIdentifier>
    </Filter>
    <Filter Include="Source Files\lib\sdk\amx">
      <UniqueIdentifier>{e8a07772-8663-460e-9826-9dd470242dc5}</UniqueIdentifier>
    </Filter>
    <Filter Include="Source Files\source">
      <UniqueIdentifier>{e138e259-5e36-4d48-9b0f-1711f6d8c538}</UniqueIdentifier>
    </Filter>
    <Filter Include="Source Files\source\natives">
      <UniqueIdentifier>{dfa136aa-fd36-43a7-ba73-786cc148f3cd}</UniqueIdentifier>
    </Filter>
    <Filter Include="Source Files\include">
      <UniqueIdentifier>{109110dd-2ed0-488e-a9f1-c179da652802}</UniqueIdentifier>
    </Filter>
    <Filter Include="Source Files\include\PLE">
      <UniqueIdentifier>{fbd806b9-ab3d-4439-841f-bae1c9d3a36a}</UniqueIdentifier>
    </Filter>
  </ItemGroup>
  <ItemGroup>
    <ClCompile Include="lib\sdk\amxplugin.cpp">
      <Filter>Source Files\lib\sdk</Filter>
    </ClCompile>
    <ClCompile Include="lib\sdk\amx\getch.c">
      <Filter>Source Files\lib\sdk\amx</Filter>
    </ClCompile>
    <ClCompile Include="source\iscript.cpp">
      <Filter>Source Files\source</Filter>
    </ClCompile>
    <ClCompile Include="source\main.cpp">
      <Filter>Source Files\source</Filter>
    </ClCompile>
    <ClCompile Include="source\utility.cpp">
      <Filter>Source Files\source</Filter>
    </ClCompile>
    <ClCompile Include="source\natives\bitset.cpp">
      <Filter>Source Files\source\natives</Filter>
    </ClCompile>
    <ClCompile Include="source\natives\complex.cpp">
      <Filter>Source Files\source\natives</Filter>
    </ClCompile>
    <ClCompile Include="source\natives\ctype.cpp">
      <Filter>Source Files\source\natives</Filter>
    </ClCompile>
    <ClCompile Include="source\natives\errno.cpp">
      <Filter>Source Files\source\natives</Filter>
    </ClCompile>
    <ClCompile Include="source\natives\functional.cpp">
      <Filter>Source Files\source\natives</Filter>
    </ClCompile>
    <ClCompile Include="source\natives\isc.cpp">
      <Filter>Source Files\source\natives</Filter>
    </ClCompile>
    <ClCompile Include="source\natives\math.cpp">
      <Filter>Source Files\source\natives</Filter>
    </ClCompile>
    <ClCompile Include="source\natives\string.cpp">
      <Filter>Source Files\source\natives</Filter>
    </ClCompile>
    <ClCompile Include="source\natives\system.cpp">
      <Filter>Source Files\source\natives</Filter>
    </ClCompile>
    <ClCompile Include="source\natives\fstream.cpp">
      <Filter>Source Files\source\natives</Filter>
    </ClCompile>
    <ClCompile Include="source\natives\chrono.cpp">
      <Filter>Source Files\source\natives</Filter>
    </ClCompile>
    <ClCompile Include="source\natives\algorithm.cpp">
      <Filter>Source Files\source\natives</Filter>
    </ClCompile>
  </ItemGroup>
  <ItemGroup>
    <ClInclude Include="lib\sdk\plugincommon.h">
      <Filter>Source Files\lib\sdk</Filter>
    </ClInclude>
    <ClInclude Include="lib\sdk\amx\amx.h">
      <Filter>Source Files\lib\sdk\amx</Filter>
    </ClInclude>
    <ClInclude Include="lib\sdk\amx\getch.h">
      <Filter>Source Files\lib\sdk\amx</Filter>
    </ClInclude>
    <ClInclude Include="lib\sdk\amx\sclinux.h">
      <Filter>Source Files\lib\sdk\amx</Filter>
    </ClInclude>
    <ClInclude Include="source\iscript.h">
      <Filter>Source Files\source</Filter>
    </ClInclude>
    <ClInclude Include="source\main.h">
      <Filter>Source Files\source</Filter>
    </ClInclude>
    <ClInclude Include="source\utility.h">
      <Filter>Source Files\source</Filter>
    </ClInclude>
    <ClInclude Include="source\natives\algorithm.h">
      <Filter>Source Files\source\natives</Filter>
    </ClInclude>
    <ClInclude Include="source\natives\bitset.h">
      <Filter>Source Files\source\natives</Filter>
    </ClInclude>
    <ClInclude Include="source\natives\complex.h">
      <Filter>Source Files\source\natives</Filter>
    </ClInclude>
    <ClInclude Include="source\natives\ctype.h">
      <Filter>Source Files\source\natives</Filter>
    </ClInclude>
    <ClInclude Include="source\natives\errno.h">
      <Filter>Source Files\source\natives</Filter>
    </ClInclude>
    <ClInclude Include="source\natives\functional.h">
      <Filter>Source Files\source\natives</Filter>
    </ClInclude>
    <ClInclude Include="source\natives\isc.h">
      <Filter>Source Files\source\natives</Filter>
    </ClInclude>
    <ClInclude Include="source\natives\math.h">
      <Filter>Source Files\source\natives</Filter>
    </ClInclude>
    <ClInclude Include="source\natives\random.h">
      <Filter>Source Files\source\natives</Filter>
    </ClInclude>
    <ClInclude Include="source\natives\string.h">
      <Filter>Source Files\source\natives</Filter>
    </ClInclude>
    <ClInclude Include="source\natives\system.h">
      <Filter>Source Files\source\natives</Filter>
    </ClInclude>
    <ClInclude Include="source\version.h">
      <Filter>Source Files\source</Filter>
    </ClInclude>
    <ClInclude Include="source\natives\fstream.h">
      <Filter>Source Files\source\natives</Filter>
    </ClInclude>
    <ClInclude Include="source\natives\chrono.h">
      <Filter>Source Files\source\natives</Filter>
    </ClInclude>
  </ItemGroup>
  <ItemGroup>
    <None Include="exports.def">
      <Filter>Source Files</Filter>
    </None>
    <None Include="include\PLE\algorithm.inc">
      <Filter>Source Files\include\PLE</Filter>
    </None>
    <None Include="include\PLE\bitset.inc">
      <Filter>Source Files\include\PLE</Filter>
    </None>
    <None Include="include\PLE\chrono.inc">
      <Filter>Source Files\include\PLE</Filter>
    </None>
    <None Include="include\PLE\complex.inc">
      <Filter>Source Files\include\PLE</Filter>
    </None>
    <None Include="include\PLE\config.inc">
      <Filter>Source Files\include\PLE</Filter>
    </None>
    <None Include="include\PLE\ctype.inc">
      <Filter>Source Files\include\PLE</Filter>
    </None>
    <None Include="include\PLE\errno.inc">
      <Filter>Source Files\include\PLE</Filter>
    </None>
    <None Include="include\PLE\fstream.inc">
      <Filter>Source Files\include\PLE</Filter>
    </None>
    <None Include="include\PLE\functional.inc">
      <Filter>Source Files\include\PLE</Filter>
    </None>
    <None Include="include\PLE\isc.inc">
      <Filter>Source Files\include\PLE</Filter>
    </None>
    <None Include="include\PLE\iscript.inc">
      <Filter>Source Files\include\PLE</Filter>
    </None>
    <None Include="include\PLE\list.inc">
      <Filter>Source Files\include\PLE</Filter>
    </None>
    <None Include="include\PLE\math.inc">
      <Filter>Source Files\include\PLE</Filter>
    </None>
    <None Include="include\PLE\memory.inc">
      <Filter>Source Files\include\PLE</Filter>
    </None>
    <None Include="include\PLE\numeric.inc">
      <Filter>Source Files\include\PLE</Filter>
    </None>
    <None Include="include\PLE\string.inc">
      <Filter>Source Files\include\PLE</Filter>
    </None>
  </ItemGroup>
</Project>